
Microsoft Visual Studio Solution File, Format Version 12.00
# Visual Studio Version 16
VisualStudioVersion = 16.0.30406.217
MinimumVisualStudioVersion = 10.0.40219.1
Project("{FAE04EC0-301F-11D3-BF4B-00C04F79EFBC}") = "Fitness", "Fitness\Fitness.csproj", "{B123D45A-415F-4373-93B3-E362B16600C1}"
EndProject
Project("{00D1A9C2-B5F0-4AF3-8072-F6C62B433612}") = "FitnessDataDB", "FitnessDataDB\FitnessDataDB.sqlproj", "{D06E1E36-501E-4848-B459-2637279E5A50}"
EndProject
Project("{FAE04EC0-301F-11D3-BF4B-00C04F79EFBC}") = "DataLibrary", "DataLibrary\DataLibrary.csproj", "{30E2C286-14A0-472B-8D0A-73AF5D101560}"
EndProject
Global
	GlobalSection(SolutionConfigurationPlatforms) = preSolution
		Debug|Any CPU = Debug|Any CPU
		Release|Any CPU = Release|Any CPU
	EndGlobalSection
	GlobalSection(ProjectConfigurationPlatforms) = postSolution
		{B123D45A-415F-4373-93B3-E362B16600C1}.Debug|Any CPU.ActiveCfg = Debug|Any CPU
		{B123D45A-415F-4373-93B3-E362B16600C1}.Debug|Any CPU.Build.0 = Debug|Any CPU
		{B123D45A-415F-4373-93B3-E362B16600C1}.Release|Any CPU.ActiveCfg = Release|Any CPU
		{B123D45A-415F-4373-93B3-E362B16600C1}.Release|Any CPU.Build.0 = Release|Any CPU
		{D06E1E36-501E-4848-B459-2637279E5A50}.Debug|Any CPU.ActiveCfg = Debug|Any CPU
		{D06E1E36-501E-4848-B459-2637279E5A50}.Debug|Any CPU.Build.0 = Debug|Any CPU
		{D06E1E36-501E-4848-B459-2637279E5A50}.Debug|Any CPU.Deploy.0 = Debug|Any CPU
		{D06E1E36-501E-4848-B459-2637279E5A50}.Release|Any CPU.ActiveCfg = Release|Any CPU
		{D06E1E36-501E-4848-B459-2637279E5A50}.Release|Any CPU.Build.0 = Release|Any CPU
		{D06E1E36-501E-4848-B459-2637279E5A50}.Release|Any CPU.Deploy.0 = Release|Any CPU
		{30E2C286-14A0-472B-8D0A-73AF5D101560}.Debug|Any CPU.ActiveCfg = Debug|Any CPU
		{30E2C286-14A0-472B-8D0A-73AF5D101560}.Debug|Any CPU.Build.0 = Debug|Any CPU
		{30E2C286-14A0-472B-8D0A-73AF5D101560}.Release|Any CPU.ActiveCfg = Release|Any CPU
		{30E2C286-14A0-472B-8D0A-73AF5D101560}.Release|Any CPU.Build.0 = Release|Any CPU
	EndGlobalSection
	GlobalSection(SolutionProperties) = preSolution
		HideSolutionNode = FALSE
	EndGlobalSection
	GlobalSection(ExtensibilityGlobals) = postSolution
		SolutionGuid = {953C286B-FAF2-4EA6-BAEA-7611B5098603}
	EndGlobalSection
EndGlobal
